{
  "name": "surveyJS-eval",
  "lockfileVersion": 3,
  "requires": true,
  "packages": {
    "": {
      "dependencies": {
        "chrome-devtools-mcp": "^0.12.1"
      }
    },
    "node_modules/chrome-devtools-mcp": {
      "version": "0.12.1",
      "resolved": "https://registry.npmjs.org/chrome-devtools-mcp/-/chrome-devtools-mcp-0.12.1.tgz",
      "integrity": "sha512-QREfGxJVVlBrjKdyis9px6UHyXix+Rre9nCkqX7CY7GsU8c6azOwwV8inQB8E3h2/QGqi4sCSF8fmjfAvmE07Q==",
      "license": "Apache-2.0",
      "bin": {
        "chrome-devtools-mcp": "build/src/index.js"
      },
      "engines": {
        "node": "^20.19.0 || ^22.12.0 || >=23"
      }
    }
  }
}
